# THIS IS AN AUTOGENERATED FILE. DO NOT EDIT THIS FILE DIRECTLY.
# yarn lockfile v1


"@jsonresume/schema@^1.0.0":
  version "1.2.1"
  resolved "https://registry.yarnpkg.com/@jsonresume/schema/-/schema-1.2.1.tgz#256256bfb21bdbfe11757b8c5a040d4a66d0de8c"
  integrity sha512-kcst3WFNz+ACZnazWSHgI8hiooSuBH/j+TdduJ6LqMEoE+Kni1wDbrINkAzTR72D+gc1GEG4I/HRTqoa5dMJiA==
  dependencies:
    jsonschema "^1.4.1"

handlebars@*:
  version "4.7.8"
  resolved "https://registry.yarnpkg.com/handlebars/-/handlebars-4.7.8.tgz#41c42c18b1be2365439188c77c6afae71c0cd9e9"
  integrity sha512-vafaFqs8MZkRrSX7sFVUdo3ap/eNiLnb4IakshzvP56X5Nr1iGKAIqdX6tMlm6HcNRIkr6AxO5jFEoJzzpT8aQ==
  dependencies:
    minimist "^1.2.5"
    neo-async "^2.6.2"
    source-map "^0.6.1"
    wordwrap "^1.0.0"
  optionalDependencies:
    uglify-js "^3.1.4"

"jsonresume-theme-local@file:./theme":
  version "1.0.0"
  dependencies:
    handlebars "*"

jsonschema@^1.4.1:
  version "1.5.0"
  resolved "https://registry.yarnpkg.com/jsonschema/-/jsonschema-1.5.0.tgz#f6aceb1ab9123563dd901d05f81f9d4883d3b7d8"
  integrity sha512-K+A9hhqbn0f3pJX17Q/7H6yQfD/5OXgdrR5UE12gMXCiN9D5Xq2o5mddV2QEcX/bjla99ASsAAQUyMCCRWAEhw==

minimist@^1.2.5:
  version "1.2.8"
  resolved "https://registry.yarnpkg.com/minimist/-/minimist-1.2.8.tgz#c1a464e7693302e082a075cee0c057741ac4772c"
  integrity sha512-2yyAR8qBkN3YuheJanUpWC5U3bb5osDywNB8RzDVlDwDHbocAJveqqj1u8+SVD7jkWT4yvsHCpWqqWqAxb0zCA==

mri@^1.1.0:
  version "1.2.0"
  resolved "https://registry.yarnpkg.com/mri/-/mri-1.2.0.tgz#6721480fec2a11a4889861115a48b6cbe7cc8f0b"
  integrity sha512-tzzskb3bG8LvYGFF/mDTpq3jpI6Q9wc3LEmBaghu+DdCssd1FakN7Bc0hVNmEyGq1bq3RgfkCb3cmQLpNPOroA==

neo-async@^2.6.2:
  version "2.6.2"
  resolved "https://registry.yarnpkg.com/neo-async/-/neo-async-2.6.2.tgz#b4aafb93e3aeb2d8174ca53cf163ab7d7308305f"
  integrity sha512-Yd3UES5mWCSqR+qNT93S3UoYUkqAZ9lLg8a7g9rimsWmYGK8cVToA4/sF3RrshdyV3sAGMXVUmpMYOw+dLpOuw==

resumed@*:
  version "5.0.0"
  resolved "https://registry.yarnpkg.com/resumed/-/resumed-5.0.0.tgz#40325163c0bbe409dec3621df7eda66f08a04b14"
  integrity sha512-6h1ybWudo8OzIP9kR2d4Ff9U49ra773XqIkLjHk3FAcIEJGb4iH6L/96qiMbSkOG7MZrnCWLSZd1OHzdtgPuIA==
  dependencies:
    "@jsonresume/schema" "^1.0.0"
    sade "^1.7.0"
    strip-json-comments "^5.0.1"
    yoctocolors "^2.0.0"

sade@^1.7.0:
  version "1.8.1"
  resolved "https://registry.yarnpkg.com/sade/-/sade-1.8.1.tgz#0a78e81d658d394887be57d2a409bf703a3b2701"
  integrity sha512-xal3CZX1Xlo/k4ApwCFrHVACi9fBqJ7V+mwhBsuf/1IOKbBy098Fex+Wa/5QMubw09pSZ/u8EY8PWgevJsXp1A==
  dependencies:
    mri "^1.1.0"

source-map@^0.6.1:
  version "0.6.1"
  resolved "https://registry.yarnpkg.com/source-map/-/source-map-0.6.1.tgz#74722af32e9614e9c287a8d0bbde48b5e2f1a263"
  integrity sha512-UjgapumWlbMhkBgzT7Ykc5YXUT46F0iKu8SGXq0bcwP5dz/h0Plj6enJqjz1Zbq2l5WaqYnrVbwWOWMyF3F47g==

strip-json-comments@^5.0.1:
  version "5.0.1"
  resolved "https://registry.yarnpkg.com/strip-json-comments/-/strip-json-comments-5.0.1.tgz#0d8b7d01b23848ed7dbdf4baaaa31a8250d8cfa0"
  integrity sha512-0fk9zBqO67Nq5M/m45qHCJxylV/DhBlIOVExqgOMiCCrzrhU6tCibRXNqE3jwJLftzE9SNuZtYbpzcO+i9FiKw==

uglify-js@^3.1.4:
  version "3.19.3"
  resolved "https://registry.yarnpkg.com/uglify-js/-/uglify-js-3.19.3.tgz#82315e9bbc6f2b25888858acd1fff8441035b77f"
  integrity sha512-v3Xu+yuwBXisp6QYTcH4UbH+xYJXqnq2m/LtQVWKWzYc1iehYnLixoQDN9FH6/j9/oybfd6W9Ghwkl8+UMKTKQ==

wordwrap@^1.0.0:
  version "1.0.0"
  resolved "https://registry.yarnpkg.com/wordwrap/-/wordwrap-1.0.0.tgz#27584810891456a4171c8d0226441ade90cbcaeb"
  integrity sha512-gvVzJFlPycKc5dZN4yPkP8w7Dc37BtP1yczEneOb4uq34pXZcvrtRTmWV8W+Ume+XCxKgbjM+nevkyFPMybd4Q==

yoctocolors@^2.0.0:
  version "2.1.1"
  resolved "https://registry.yarnpkg.com/yoctocolors/-/yoctocolors-2.1.1.tgz#e0167474e9fbb9e8b3ecca738deaa61dd12e56fc"
  integrity sha512-GQHQqAopRhwU8Kt1DDM8NjibDXHC8eoh1erhGAJPEyveY9qqVeXvVikNKrDz69sHowPMorbPUrH/mx8c50eiBQ==
