# THIS IS AN AUTOGENERATED FILE. DO NOT EDIT THIS FILE DIRECTLY.
# yarn lockfile v1


commander@^2.7.1:
  version "2.20.3"
  resolved "https://registry.yarnpkg.com/commander/-/commander-2.20.3.tgz#fd485e84c03eb4881c20722ba48035e8531aeb33"
  integrity sha512-GpVkmM8vF2vQUkj2LvZmD35JxeJOLCwJ9cUkugyk2nuhbv3+mJvpLYYt+0+USMxE+oj+ey/lJEnhZw75x/OMcQ==

handlebars@*:
  version "4.7.8"
  resolved "https://registry.yarnpkg.com/handlebars/-/handlebars-4.7.8.tgz#41c42c18b1be2365439188c77c6afae71c0cd9e9"
  integrity sha512-vafaFqs8MZkRrSX7sFVUdo3ap/eNiLnb4IakshzvP56X5Nr1iGKAIqdX6tMlm6HcNRIkr6AxO5jFEoJzzpT8aQ==
  dependencies:
    minimist "^1.2.5"
    neo-async "^2.6.2"
    source-map "^0.6.1"
    wordwrap "^1.0.0"
  optionalDependencies:
    uglify-js "^3.1.4"

"jsonresume-theme-local@file:./theme":
  version "1.0.0"
  dependencies:
    handlebars "*"

lodash.get@^4.4.2:
  version "4.4.2"
  resolved "https://registry.yarnpkg.com/lodash.get/-/lodash.get-4.4.2.tgz#2d177f652fa31e939b4438d5341499dfa3825e99"
  integrity sha512-z+Uw/vLuy6gQe8cfaFWD7p0wVv8fJl3mbzXh33RS+0oW2wvUqiRXiQ69gLWSLpgB5/6sU+r6BlQR0MBILadqTQ==

lodash.isequal@^4.5.0:
  version "4.5.0"
  resolved "https://registry.yarnpkg.com/lodash.isequal/-/lodash.isequal-4.5.0.tgz#415c4478f2bcc30120c22ce10ed3226f7d3e18e0"
  integrity sha512-pDo3lu8Jhfjqls6GkMgpahsF9kCyayhgykjyLMNFTKWrpVdAQtYyB4muAMWozBB4ig/dtWAmsMxLEI8wuz+DYQ==

minimist@^1.2.5:
  version "1.2.8"
  resolved "https://registry.yarnpkg.com/minimist/-/minimist-1.2.8.tgz#c1a464e7693302e082a075cee0c057741ac4772c"
  integrity sha512-2yyAR8qBkN3YuheJanUpWC5U3bb5osDywNB8RzDVlDwDHbocAJveqqj1u8+SVD7jkWT4yvsHCpWqqWqAxb0zCA==

mri@^1.1.0:
  version "1.2.0"
  resolved "https://registry.yarnpkg.com/mri/-/mri-1.2.0.tgz#6721480fec2a11a4889861115a48b6cbe7cc8f0b"
  integrity sha512-tzzskb3bG8LvYGFF/mDTpq3jpI6Q9wc3LEmBaghu+DdCssd1FakN7Bc0hVNmEyGq1bq3RgfkCb3cmQLpNPOroA==

neo-async@^2.6.2:
  version "2.6.2"
  resolved "https://registry.yarnpkg.com/neo-async/-/neo-async-2.6.2.tgz#b4aafb93e3aeb2d8174ca53cf163ab7d7308305f"
  integrity sha512-Yd3UES5mWCSqR+qNT93S3UoYUkqAZ9lLg8a7g9rimsWmYGK8cVToA4/sF3RrshdyV3sAGMXVUmpMYOw+dLpOuw==

resume-schema@^1.0.0:
  version "1.0.0"
  resolved "https://registry.yarnpkg.com/resume-schema/-/resume-schema-1.0.0.tgz#f26cb8032f7533e9ef8145bf656b672cbf5e7845"
  integrity sha512-9ZEP3oO1IRrjQWTOfDq7fDNNeJp7gWqfS/l2D02f6f25nRw/wRAkpDyvIlw9uoaDARK7Ebj/CN2D/6Ht27S0zg==
  dependencies:
    z-schema "^4.2.2"

resumed@*:
  version "3.0.1"
  resolved "https://registry.yarnpkg.com/resumed/-/resumed-3.0.1.tgz#d4aa7f13fb5885b890880cd10578315ee3a50ddd"
  integrity sha512-bHv7qDQwmx5ei+u81JIxD1Cdcm/d6wcJXzmi7rMiGttC8kV7jnznBeN0QpYi6xy6vl51VuokTatAhXXfbo4G9w==
  dependencies:
    resume-schema "^1.0.0"
    sade "^1.7.0"
    yoctocolors "^1.0.0"

sade@^1.7.0:
  version "1.8.1"
  resolved "https://registry.yarnpkg.com/sade/-/sade-1.8.1.tgz#0a78e81d658d394887be57d2a409bf703a3b2701"
  integrity sha512-xal3CZX1Xlo/k4ApwCFrHVACi9fBqJ7V+mwhBsuf/1IOKbBy098Fex+Wa/5QMubw09pSZ/u8EY8PWgevJsXp1A==
  dependencies:
    mri "^1.1.0"

source-map@^0.6.1:
  version "0.6.1"
  resolved "https://registry.yarnpkg.com/source-map/-/source-map-0.6.1.tgz#74722af32e9614e9c287a8d0bbde48b5e2f1a263"
  integrity sha512-UjgapumWlbMhkBgzT7Ykc5YXUT46F0iKu8SGXq0bcwP5dz/h0Plj6enJqjz1Zbq2l5WaqYnrVbwWOWMyF3F47g==

uglify-js@^3.1.4:
  version "3.17.4"
  resolved "https://registry.yarnpkg.com/uglify-js/-/uglify-js-3.17.4.tgz#61678cf5fa3f5b7eb789bb345df29afb8257c22c"
  integrity sha512-T9q82TJI9e/C1TAxYvfb16xO120tMVFZrGA3f9/P4424DNu6ypK103y0GPFVa17yotwSyZW5iYXgjYHkGrJW/g==

validator@^13.6.0:
  version "13.12.0"
  resolved "https://registry.yarnpkg.com/validator/-/validator-13.12.0.tgz#7d78e76ba85504da3fee4fd1922b385914d4b35f"
  integrity sha512-c1Q0mCiPlgdTVVVIJIrBuxNicYE+t/7oKeI9MWLj3fh/uq2Pxh/3eeWbVZ4OcGW1TUf53At0njHw5SMdA3tmMg==

wordwrap@^1.0.0:
  version "1.0.0"
  resolved "https://registry.yarnpkg.com/wordwrap/-/wordwrap-1.0.0.tgz#27584810891456a4171c8d0226441ade90cbcaeb"
  integrity sha512-gvVzJFlPycKc5dZN4yPkP8w7Dc37BtP1yczEneOb4uq34pXZcvrtRTmWV8W+Ume+XCxKgbjM+nevkyFPMybd4Q==

yoctocolors@^1.0.0:
  version "1.0.0"
  resolved "https://registry.yarnpkg.com/yoctocolors/-/yoctocolors-1.0.0.tgz#6f6dd95d736adade55ff1eaf89aa737df1b69c94"
  integrity sha512-qJNAmSF77lWjfRVwCZK3PcKYWrr+55RUQTiXDxXHGbxzf8WuuRgftIB3hqZ5fykjOF/MC62cazsG/2ZDBedOnQ==

z-schema@^4.2.2:
  version "4.2.4"
  resolved "https://registry.yarnpkg.com/z-schema/-/z-schema-4.2.4.tgz#73102a49512179b12a8ec50b1daa676b984da6e4"
  integrity sha512-YvBeW5RGNeNzKOUJs3rTL4+9rpcvHXt5I051FJbOcitV8bl40pEfcG0Q+dWSwS0/BIYrMZ/9HHoqLllMkFhD0w==
  dependencies:
    lodash.get "^4.4.2"
    lodash.isequal "^4.5.0"
    validator "^13.6.0"
  optionalDependencies:
    commander "^2.7.1"
